
Microsoft Visual Studio Solution File, Format Version 12.00
# Visual Studio 2013
VisualStudioVersion = 12.0.31101.0
MinimumVisualStudioVersion = 10.0.40219.1
Project("{FAE04EC0-301F-11D3-BF4B-00C04F79EFBC}") = "Shop", "Lab - multimedia system\Shop.csproj", "{D62CBDBF-0B86-4112-B697-BEC8FD2CAD40}"
EndProject
Global
	GlobalSection(SolutionConfigurationPlatforms) = preSolution
		Debug|Any CPU = Debug|Any CPU
		Release|Any CPU = Release|Any CPU
	EndGlobalSection
	GlobalSection(ProjectConfigurationPlatforms) = postSolution
		{D62CBDBF-0B86-4112-B697-BEC8FD2CAD40}.Debug|Any CPU.ActiveCfg = Debug|Any CPU
		{D62CBDBF-0B86-4112-B697-BEC8FD2CAD40}.Debug|Any CPU.Build.0 = Debug|Any CPU
		{D62CBDBF-0B86-4112-B697-BEC8FD2CAD40}.Release|Any CPU.ActiveCfg = Release|Any CPU
		{D62CBDBF-0B86-4112-B697-BEC8FD2CAD40}.Release|Any CPU.Build.0 = Release|Any CPU
	EndGlobalSection
	GlobalSection(SolutionProperties) = preSolution
		HideSolutionNode = FALSE
	EndGlobalSection
EndGlobal
