
Microsoft Visual Studio Solution File, Format Version 12.00
# Visual Studio 2013
VisualStudioVersion = 12.0.31101.0
MinimumVisualStudioVersion = 10.0.40219.1
Project("{FAE04EC0-301F-11D3-BF4B-00C04F79EFBC}") = "03 Student Class", "03 Student Class\03 Student Class.csproj", "{68BA375C-24BD-4949-A3A2-0755FAF32A5E}"
EndProject
Project("{FAE04EC0-301F-11D3-BF4B-00C04F79EFBC}") = "02 Asynchronous Timer", "02 Asynchronous Timer\02 Asynchronous Timer.csproj", "{F0430BA0-E5FD-467B-B58C-66B9DC337818}"
EndProject
Project("{FAE04EC0-301F-11D3-BF4B-00C04F79EFBC}") = "01 Interest Calculator", "01 Interest Calculator\01 Interest Calculator.csproj", "{CD468C2F-4217-4864-9EC5-E56F92592558}"
EndProject
Global
	GlobalSection(SolutionConfigurationPlatforms) = preSolution
		Debug|Any CPU = Debug|Any CPU
		Release|Any CPU = Release|Any CPU
	EndGlobalSection
	GlobalSection(ProjectConfigurationPlatforms) = postSolution
		{68BA375C-24BD-4949-A3A2-0755FAF32A5E}.Debug|Any CPU.ActiveCfg = Debug|Any CPU
		{68BA375C-24BD-4949-A3A2-0755FAF32A5E}.Debug|Any CPU.Build.0 = Debug|Any CPU
		{68BA375C-24BD-4949-A3A2-0755FAF32A5E}.Release|Any CPU.ActiveCfg = Release|Any CPU
		{68BA375C-24BD-4949-A3A2-0755FAF32A5E}.Release|Any CPU.Build.0 = Release|Any CPU
		{F0430BA0-E5FD-467B-B58C-66B9DC337818}.Debug|Any CPU.ActiveCfg = Debug|Any CPU
		{F0430BA0-E5FD-467B-B58C-66B9DC337818}.Debug|Any CPU.Build.0 = Debug|Any CPU
		{F0430BA0-E5FD-467B-B58C-66B9DC337818}.Release|Any CPU.ActiveCfg = Release|Any CPU
		{F0430BA0-E5FD-467B-B58C-66B9DC337818}.Release|Any CPU.Build.0 = Release|Any CPU
		{CD468C2F-4217-4864-9EC5-E56F92592558}.Debug|Any CPU.ActiveCfg = Debug|Any CPU
		{CD468C2F-4217-4864-9EC5-E56F92592558}.Debug|Any CPU.Build.0 = Debug|Any CPU
		{CD468C2F-4217-4864-9EC5-E56F92592558}.Release|Any CPU.ActiveCfg = Release|Any CPU
		{CD468C2F-4217-4864-9EC5-E56F92592558}.Release|Any CPU.Build.0 = Release|Any CPU
	EndGlobalSection
	GlobalSection(SolutionProperties) = preSolution
		HideSolutionNode = FALSE
	EndGlobalSection
EndGlobal
